// !$*UTF8*$!
{
	archiveVersion = 1;
	classes = {
	};
	objectVersion = 46;
	objects = {

/* Begin PBXBuildFile section */
		1FB1E0688A1E9E572B625158 /* libPods-LLInterview.a in Frameworks */ = {isa = PBXBuildFile; fileRef = B61ADFCBF407CDF084166098 /* libPods-LLInterview.a */; };
		F088E4BC1D07568E002EC2A6 /* main.m in Sources */ = {isa = PBXBuildFile; fileRef = F088E4BB1D07568E002EC2A6 /* main.m */; };
		F088E4BF1D07568E002EC2A6 /* AppDelegate.m in Sources */ = {isa = PBXBuildFile; fileRef = F088E4BE1D07568E002EC2A6 /* AppDelegate.m */; };
		F088E4C71D07568E002EC2A6 /* Assets.xcassets in Resources */ = {isa = PBXBuildFile; fileRef = F088E4C61D07568E002EC2A6 /* Assets.xcassets */; };
		F088E4CA1D07568E002EC2A6 /* LaunchScreen.storyboard in Resources */ = {isa = PBXBuildFile; fileRef = F088E4C81D07568E002EC2A6 /* LaunchScreen.storyboard */; };
		F088E4DB1D079F5E002EC2A6 /* LLBaseViewController.m in Sources */ = {isa = PBXBuildFile; fileRef = F088E4D71D079F5E002EC2A6 /* LLBaseViewController.m */; };
		F088E4DF1D079FBE002EC2A6 /* LLNetworkManager.m in Sources */ = {isa = PBXBuildFile; fileRef = F088E4DE1D079FBE002EC2A6 /* LLNetworkManager.m */; };
		F088E4E21D079FD8002EC2A6 /* LLDBManager.m in Sources */ = {isa = PBXBuildFile; fileRef = F088E4E11D079FD8002EC2A6 /* LLDBManager.m */; };
		F088E4E81D07A038002EC2A6 /* LLAdvListViewController.m in Sources */ = {isa = PBXBuildFile; fileRef = F088E4E51D07A038002EC2A6 /* LLAdvListViewController.m */; };
		F088E4EB1D07A051002EC2A6 /* LLBaseObject.m in Sources */ = {isa = PBXBuildFile; fileRef = F088E4EA1D07A051002EC2A6 /* LLBaseObject.m */; };
		F088E4EE1D07A06D002EC2A6 /* LLBaseCell.m in Sources */ = {isa = PBXBuildFile; fileRef = F088E4ED1D07A06D002EC2A6 /* LLBaseCell.m */; };
		F088E4F11D07A16E002EC2A6 /* LLObjects.m in Sources */ = {isa = PBXBuildFile; fileRef = F088E4F01D07A16E002EC2A6 /* LLObjects.m */; };
		F088E4F41D07A191002EC2A6 /* LLNetworkObjects.m in Sources */ = {isa = PBXBuildFile; fileRef = F088E4F31D07A191002EC2A6 /* LLNetworkObjects.m */; };
		F088E4FA1D07A40B002EC2A6 /* LLAdvObject.m in Sources */ = {isa = PBXBuildFile; fileRef = F088E4F91D07A40B002EC2A6 /* LLAdvObject.m */; };
		F088E4FD1D07A9C6002EC2A6 /* LLAdvListCell.m in Sources */ = {isa = PBXBuildFile; fileRef = F088E4FC1D07A9C6002EC2A6 /* LLAdvListCell.m */; };
		F088E5001D07ABA8002EC2A6 /* LLAdvDetailViewController.m in Sources */ = {isa = PBXBuildFile; fileRef = F088E4FF1D07ABA8002EC2A6 /* LLAdvDetailViewController.m */; };
		F088E5031D07B502002EC2A6 /* LLAddAdvViewController.m in Sources */ = {isa = PBXBuildFile; fileRef = F088E5021D07B502002EC2A6 /* LLAddAdvViewController.m */; };
		F088E5061D07B576002EC2A6 /* LLAddAdvCell.m in Sources */ = {isa = PBXBuildFile; fileRef = F088E5051D07B576002EC2A6 /* LLAddAdvCell.m */; };
		F0DEC2711D07BFB900329295 /* LLActionSheetView.m in Sources */ = {isa = PBXBuildFile; fileRef = F0DEC2701D07BFB900329295 /* LLActionSheetView.m */; };
/* End PBXBuildFile section */

/* Begin PBXFileReference section */
		63605E460BD945B204C9CCEB /* Pods-LLInterview.debug.xcconfig */ = {isa = PBXFileReference; includeInIndex = 1; lastKnownFileType = text.xcconfig; name = "Pods-LLInterview.debug.xcconfig"; path = "Pods/Target Support Files/Pods-LLInterview/Pods-LLInterview.debug.xcconfig"; sourceTree = "<group>"; };
		A763E43C3DA134CDDA970FA5 /* Pods-LLInterview.release.xcconfig */ = {isa = PBXFileReference; includeInIndex = 1; lastKnownFileType = text.xcconfig; name = "Pods-LLInterview.release.xcconfig"; path = "Pods/Target Support Files/Pods-LLInterview/Pods-LLInterview.release.xcconfig"; sourceTree = "<group>"; };
		B61ADFCBF407CDF084166098 /* libPods-LLInterview.a */ = {isa = PBXFileReference; explicitFileType = archive.ar; includeInIndex = 0; path = "libPods-LLInterview.a"; sourceTree = BUILT_PRODUCTS_DIR; };
		F088E4B71D07568E002EC2A6 /* LLInterview.app */ = {isa = PBXFileReference; explicitFileType = wrapper.application; includeInIndex = 0; path = LLInterview.app; sourceTree = BUILT_PRODUCTS_DIR; };
		F088E4BB1D07568E002EC2A6 /* main.m */ = {isa = PBXFileReference; lastKnownFileType = sourcecode.c.objc; path = main.m; sourceTree = "<group>"; };
		F088E4BD1D07568E002EC2A6 /* AppDelegate.h */ = {isa = PBXFileReference; lastKnownFileType = sourcecode.c.h; path = AppDelegate.h; sourceTree = "<group>"; };
		F088E4BE1D07568E002EC2A6 /* AppDelegate.m */ = {isa = PBXFileReference; lastKnownFileType = sourcecode.c.objc; path = AppDelegate.m; sourceTree = "<group>"; };
		F088E4C61D07568E002EC2A6 /* Assets.xcassets */ = {isa = PBXFileReference; lastKnownFileType = folder.assetcatalog; path = Assets.xcassets; sourceTree = "<group>"; };
		F088E4C91D07568E002EC2A6 /* Base */ = {isa = PBXFileReference; lastKnownFileType = file.storyboard; name = Base; path = Base.lproj/LaunchScreen.storyboard; sourceTree = "<group>"; };
		F088E4CB1D07568E002EC2A6 /* Info.plist */ = {isa = PBXFileReference; lastKnownFileType = text.plist.xml; path = Info.plist; sourceTree = "<group>"; };
		F088E4D61D079F5E002EC2A6 /* LLBaseViewController.h */ = {isa = PBXFileReference; fileEncoding = 4; lastKnownFileType = sourcecode.c.h; path = LLBaseViewController.h; sourceTree = "<group>"; };
		F088E4D71D079F5E002EC2A6 /* LLBaseViewController.m */ = {isa = PBXFileReference; fileEncoding = 4; lastKnownFileType = sourcecode.c.objc; path = LLBaseViewController.m; sourceTree = "<group>"; };
		F088E4DD1D079FBE002EC2A6 /* LLNetworkManager.h */ = {isa = PBXFileReference; fileEncoding = 4; lastKnownFileType = sourcecode.c.h; path = LLNetworkManager.h; sourceTree = "<group>"; };
		F088E4DE1D079FBE002EC2A6 /* LLNetworkManager.m */ = {isa = PBXFileReference; fileEncoding = 4; lastKnownFileType = sourcecode.c.objc; path = LLNetworkManager.m; sourceTree = "<group>"; };
		F088E4E01D079FD8002EC2A6 /* LLDBManager.h */ = {isa = PBXFileReference; fileEncoding = 4; lastKnownFileType = sourcecode.c.h; path = LLDBManager.h; sourceTree = "<group>"; };
		F088E4E11D079FD8002EC2A6 /* LLDBManager.m */ = {isa = PBXFileReference; fileEncoding = 4; lastKnownFileType = sourcecode.c.objc; path = LLDBManager.m; sourceTree = "<group>"; };
		F088E4E41D07A038002EC2A6 /* LLAdvListViewController.h */ = {isa = PBXFileReference; fileEncoding = 4; lastKnownFileType = sourcecode.c.h; path = LLAdvListViewController.h; sourceTree = "<group>"; };
		F088E4E51D07A038002EC2A6 /* LLAdvListViewController.m */ = {isa = PBXFileReference; fileEncoding = 4; lastKnownFileType = sourcecode.c.objc; path = LLAdvListViewController.m; sourceTree = "<group>"; };
		F088E4E91D07A051002EC2A6 /* LLBaseObject.h */ = {isa = PBXFileReference; fileEncoding = 4; lastKnownFileType = sourcecode.c.h; path = LLBaseObject.h; sourceTree = "<group>"; };
		F088E4EA1D07A051002EC2A6 /* LLBaseObject.m */ = {isa = PBXFileReference; fileEncoding = 4; lastKnownFileType = sourcecode.c.objc; path = LLBaseObject.m; sourceTree = "<group>"; };
		F088E4EC1D07A06D002EC2A6 /* LLBaseCell.h */ = {isa = PBXFileReference; fileEncoding = 4; lastKnownFileType = sourcecode.c.h; path = LLBaseCell.h; sourceTree = "<group>"; };
		F088E4ED1D07A06D002EC2A6 /* LLBaseCell.m */ = {isa = PBXFileReference; fileEncoding = 4; lastKnownFileType = sourcecode.c.objc; path = LLBaseCell.m; sourceTree = "<group>"; };
		F088E4EF1D07A16E002EC2A6 /* LLObjects.h */ = {isa = PBXFileReference; fileEncoding = 4; lastKnownFileType = sourcecode.c.h; path = LLObjects.h; sourceTree = "<group>"; };
		F088E4F01D07A16E002EC2A6 /* LLObjects.m */ = {isa = PBXFileReference; fileEncoding = 4; lastKnownFileType = sourcecode.c.objc; path = LLObjects.m; sourceTree = "<group>"; };
		F088E4F21D07A191002EC2A6 /* LLNetworkObjects.h */ = {isa = PBXFileReference; fileEncoding = 4; lastKnownFileType = sourcecode.c.h; path = LLNetworkObjects.h; sourceTree = "<group>"; };
		F088E4F31D07A191002EC2A6 /* LLNetworkObjects.m */ = {isa = PBXFileReference; fileEncoding = 4; lastKnownFileType = sourcecode.c.objc; path = LLNetworkObjects.m; sourceTree = "<group>"; };
		F088E4F81D07A40B002EC2A6 /* LLAdvObject.h */ = {isa = PBXFileReference; fileEncoding = 4; lastKnownFileType = sourcecode.c.h; path = LLAdvObject.h; sourceTree = "<group>"; };
		F088E4F91D07A40B002EC2A6 /* LLAdvObject.m */ = {isa = PBXFileReference; fileEncoding = 4; lastKnownFileType = sourcecode.c.objc; path = LLAdvObject.m; sourceTree = "<group>"; };
		F088E4FB1D07A9C6002EC2A6 /* LLAdvListCell.h */ = {isa = PBXFileReference; fileEncoding = 4; lastKnownFileType = sourcecode.c.h; path = LLAdvListCell.h; sourceTree = "<group>"; };
		F088E4FC1D07A9C6002EC2A6 /* LLAdvListCell.m */ = {isa = PBXFileReference; fileEncoding = 4; lastKnownFileType = sourcecode.c.objc; path = LLAdvListCell.m; sourceTree = "<group>"; };
		F088E4FE1D07ABA8002EC2A6 /* LLAdvDetailViewController.h */ = {isa = PBXFileReference; fileEncoding = 4; lastKnownFileType = sourcecode.c.h; path = LLAdvDetailViewController.h; sourceTree = "<group>"; };
		F088E4FF1D07ABA8002EC2A6 /* LLAdvDetailViewController.m */ = {isa = PBXFileReference; fileEncoding = 4; lastKnownFileType = sourcecode.c.objc; path = LLAdvDetailViewController.m; sourceTree = "<group>"; };
		F088E5011D07B502002EC2A6 /* LLAddAdvViewController.h */ = {isa = PBXFileReference; fileEncoding = 4; lastKnownFileType = sourcecode.c.h; path = LLAddAdvViewController.h; sourceTree = "<group>"; };
		F088E5021D07B502002EC2A6 /* LLAddAdvViewController.m */ = {isa = PBXFileReference; fileEncoding = 4; lastKnownFileType = sourcecode.c.objc; path = LLAddAdvViewController.m; sourceTree = "<group>"; };
		F088E5041D07B576002EC2A6 /* LLAddAdvCell.h */ = {isa = PBXFileReference; fileEncoding = 4; lastKnownFileType = sourcecode.c.h; path = LLAddAdvCell.h; sourceTree = "<group>"; };
		F088E5051D07B576002EC2A6 /* LLAddAdvCell.m */ = {isa = PBXFileReference; fileEncoding = 4; lastKnownFileType = sourcecode.c.objc; path = LLAddAdvCell.m; sourceTree = "<group>"; };
		F0DEC26F1D07BFB900329295 /* LLActionSheetView.h */ = {isa = PBXFileReference; fileEncoding = 4; lastKnownFileType = sourcecode.c.h; path = LLActionSheetView.h; sourceTree = "<group>"; };
		F0DEC2701D07BFB900329295 /* LLActionSheetView.m */ = {isa = PBXFileReference; fileEncoding = 4; lastKnownFileType = sourcecode.c.objc; path = LLActionSheetView.m; sourceTree = "<group>"; };
/* End PBXFileReference section */

/* Begin PBXFrameworksBuildPhase section */
		F088E4B41D07568E002EC2A6 /* Frameworks */ = {
			isa = PBXFrameworksBuildPhase;
			buildActionMask = 2147483647;
			files = (
				1FB1E0688A1E9E572B625158 /* libPods-LLInterview.a in Frameworks */,
			);
			runOnlyForDeploymentPostprocessing = 0;
		};
/* End PBXFrameworksBuildPhase section */

/* Begin PBXGroup section */
		390B87C06B2826E17B4A2E1B /* Pods */ = {
			isa = PBXGroup;
			children = (
				63605E460BD945B204C9CCEB /* Pods-LLInterview.debug.xcconfig */,
				A763E43C3DA134CDDA970FA5 /* Pods-LLInterview.release.xcconfig */,
			);
			name = Pods;
			sourceTree = "<group>";
		};
		B415D99D4BC14C406336000B /* Frameworks */ = {
			isa = PBXGroup;
			children = (
				B61ADFCBF407CDF084166098 /* libPods-LLInterview.a */,
			);
			name = Frameworks;
			sourceTree = "<group>";
		};
		F088E4AE1D07568E002EC2A6 = {
			isa = PBXGroup;
			children = (
				F088E4B91D07568E002EC2A6 /* LLInterview */,
				F088E4B81D07568E002EC2A6 /* Products */,
				390B87C06B2826E17B4A2E1B /* Pods */,
				B415D99D4BC14C406336000B /* Frameworks */,
			);
			sourceTree = "<group>";
		};
		F088E4B81D07568E002EC2A6 /* Products */ = {
			isa = PBXGroup;
			children = (
				F088E4B71D07568E002EC2A6 /* LLInterview.app */,
			);
			name = Products;
			sourceTree = "<group>";
		};
		F088E4B91D07568E002EC2A6 /* LLInterview */ = {
			isa = PBXGroup;
			children = (
				F088E4BD1D07568E002EC2A6 /* AppDelegate.h */,
				F088E4BE1D07568E002EC2A6 /* AppDelegate.m */,
				F088E4D41D079F5E002EC2A6 /* Classes */,
				F088E4C61D07568E002EC2A6 /* Assets.xcassets */,
				F088E4C81D07568E002EC2A6 /* LaunchScreen.storyboard */,
				F088E4CB1D07568E002EC2A6 /* Info.plist */,
				F088E4BA1D07568E002EC2A6 /* Supporting Files */,
			);
			path = LLInterview;
			sourceTree = "<group>";
		};
		F088E4BA1D07568E002EC2A6 /* Supporting Files */ = {
			isa = PBXGroup;
			children = (
				F088E4BB1D07568E002EC2A6 /* main.m */,
			);
			name = "Supporting Files";
			sourceTree = "<group>";
		};
		F088E4D41D079F5E002EC2A6 /* Classes */ = {
			isa = PBXGroup;
			children = (
				F088E4D51D079F5E002EC2A6 /* Base */,
				F088E4E31D07A038002EC2A6 /* Controller */,
				F088E4E61D07A038002EC2A6 /* Model */,
				F088E4E71D07A038002EC2A6 /* View */,
				F088E4D81D079F5E002EC2A6 /* Manager */,
			);
			path = Classes;
			sourceTree = "<group>";
		};
		F088E4D51D079F5E002EC2A6 /* Base */ = {
			isa = PBXGroup;
			children = (
				F088E4D61D079F5E002EC2A6 /* LLBaseViewController.h */,
				F088E4D71D079F5E002EC2A6 /* LLBaseViewController.m */,
				F088E4E91D07A051002EC2A6 /* LLBaseObject.h */,
				F088E4EA1D07A051002EC2A6 /* LLBaseObject.m */,
				F088E4EC1D07A06D002EC2A6 /* LLBaseCell.h */,
				F088E4ED1D07A06D002EC2A6 /* LLBaseCell.m */,
			);
			path = Base;
			sourceTree = "<group>";
		};
		F088E4D81D079F5E002EC2A6 /* Manager */ = {
			isa = PBXGroup;
			children = (
				F088E4DD1D079FBE002EC2A6 /* LLNetworkManager.h */,
				F088E4DE1D079FBE002EC2A6 /* LLNetworkManager.m */,
				F088E4E01D079FD8002EC2A6 /* LLDBManager.h */,
				F088E4E11D079FD8002EC2A6 /* LLDBManager.m */,
			);
			path = Manager;
			sourceTree = "<group>";
		};
		F088E4E31D07A038002EC2A6 /* Controller */ = {
			isa = PBXGroup;
			children = (
				F088E4E41D07A038002EC2A6 /* LLAdvListViewController.h */,
				F088E4E51D07A038002EC2A6 /* LLAdvListViewController.m */,
				F088E4FE1D07ABA8002EC2A6 /* LLAdvDetailViewController.h */,
				F088E4FF1D07ABA8002EC2A6 /* LLAdvDetailViewController.m */,
				F088E5011D07B502002EC2A6 /* LLAddAdvViewController.h */,
				F088E5021D07B502002EC2A6 /* LLAddAdvViewController.m */,
			);
			path = Controller;
			sourceTree = "<group>";
		};
		F088E4E61D07A038002EC2A6 /* Model */ = {
			isa = PBXGroup;
			children = (
				F088E4EF1D07A16E002EC2A6 /* LLObjects.h */,
				F088E4F01D07A16E002EC2A6 /* LLObjects.m */,
				F088E4F21D07A191002EC2A6 /* LLNetworkObjects.h */,
				F088E4F31D07A191002EC2A6 /* LLNetworkObjects.m */,
				F088E4F81D07A40B002EC2A6 /* LLAdvObject.h */,
				F088E4F91D07A40B002EC2A6 /* LLAdvObject.m */,
			);
			path = Model;
			sourceTree = "<group>";
		};
		F088E4E71D07A038002EC2A6 /* View */ = {
			isa = PBXGroup;
			children = (
				F0DEC26F1D07BFB900329295 /* LLActionSheetView.h */,
				F0DEC2701D07BFB900329295 /* LLActionSheetView.m */,
				F088E4FB1D07A9C6002EC2A6 /* LLAdvListCell.h */,
				F088E4FC1D07A9C6002EC2A6 /* LLAdvListCell.m */,
				F088E5041D07B576002EC2A6 /* LLAddAdvCell.h */,
				F088E5051D07B576002EC2A6 /* LLAddAdvCell.m */,
			);
			path = View;
			sourceTree = "<group>";
		};
/* End PBXGroup section */

/* Begin PBXNativeTarget section */
		F088E4B61D07568E002EC2A6 /* LLInterview */ = {
			isa = PBXNativeTarget;
			buildConfigurationList = F088E4CE1D07568E002EC2A6 /* Build configuration list for PBXNativeTarget "LLInterview" */;
			buildPhases = (
				85DDF46AA86211EC6718FA34 /* [CP] Check Pods Manifest.lock */,
				F088E4B31D07568E002EC2A6 /* Sources */,
				F088E4B41D07568E002EC2A6 /* Frameworks */,
				F088E4B51D07568E002EC2A6 /* Resources */,
				5B1B8425F005DDE91653FDDD /* [CP] Embed Pods Frameworks */,
				C8B9B50F088549B6CEC72AA8 /* [CP] Copy Pods Resources */,
			);
			buildRules = (
			);
			dependencies = (
			);
			name = LLInterview;
			productName = LLInterview;
			productReference = F088E4B71D07568E002EC2A6 /* LLInterview.app */;
			productType = "com.apple.product-type.application";
		};
/* End PBXNativeTarget section */

/* Begin PBXProject section */
		F088E4AF1D07568E002EC2A6 /* Project object */ = {
			isa = PBXProject;
			attributes = {
				CLASSPREFIX = LL;
				LastUpgradeCheck = 0720;
				ORGANIZATIONNAME = jiahong;
				TargetAttributes = {
					F088E4B61D07568E002EC2A6 = {
						CreatedOnToolsVersion = 7.2;
					};
				};
			};
			buildConfigurationList = F088E4B21D07568E002EC2A6 /* Build configuration list for PBXProject "LLInterview" */;
			compatibilityVersion = "Xcode 3.2";
			developmentRegion = English;
			hasScannedForEncodings = 0;
			knownRegions = (
				en,
				Base,
			);
			mainGroup = F088E4AE1D07568E002EC2A6;
			productRefGroup = F088E4B81D07568E002EC2A6 /* Products */;
			projectDirPath = "";
			projectRoot = "";
			targets = (
				F088E4B61D07568E002EC2A6 /* LLInterview */,
			);
		};
/* End PBXProject section */

/* Begin PBXResourcesBuildPhase section */
		F088E4B51D07568E002EC2A6 /* Resources */ = {
			isa = PBXResourcesBuildPhase;
			buildActionMask = 2147483647;
			files = (
				F088E4CA1D07568E002EC2A6 /* LaunchScreen.storyboard in Resources */,
				F088E4C71D07568E002EC2A6 /* Assets.xcassets in Resources */,
			);
			runOnlyForDeploymentPostprocessing = 0;
		};
/* End PBXResourcesBuildPhase section */

/* Begin PBXShellScriptBuildPhase section */
		5B1B8425F005DDE91653FDDD /* [CP] Embed Pods Frameworks */ = {
			isa = PBXShellScriptBuildPhase;
			buildActionMask = 2147483647;
			files = (
			);
			inputPaths = (
			);
			name = "[CP] Embed Pods Frameworks";
			outputPaths = (
			);
			runOnlyForDeploymentPostprocessing = 0;
			shellPath = /bin/sh;
			shellScript = "\"${SRCROOT}/Pods/Target Support Files/Pods-LLInterview/Pods-LLInterview-frameworks.sh\"\n";
			showEnvVarsInLog = 0;
		};
		85DDF46AA86211EC6718FA34 /* [CP] Check Pods Manifest.lock */ = {
			isa = PBXShellScriptBuildPhase;
			buildActionMask = 2147483647;
			files = (
			);
			inputPaths = (
			);
			name = "[CP] Check Pods Manifest.lock";
			outputPaths = (
			);
			runOnlyForDeploymentPostprocessing = 0;
			shellPath = /bin/sh;
			shellScript = "diff \"${PODS_ROOT}/../Podfile.lock\" \"${PODS_ROOT}/Manifest.lock\" > /dev/null\nif [[ $? != 0 ]] ; then\n    cat << EOM\nerror: The sandbox is not in sync with the Podfile.lock. Run 'pod install' or update your CocoaPods installation.\nEOM\n    exit 1\nfi\n";
			showEnvVarsInLog = 0;
		};
		C8B9B50F088549B6CEC72AA8 /* [CP] Copy Pods Resources */ = {
			isa = PBXShellScriptBuildPhase;
			buildActionMask = 2147483647;
			files = (
			);
			inputPaths = (
			);
			name = "[CP] Copy Pods Resources";
			outputPaths = (
			);
			runOnlyForDeploymentPostprocessing = 0;
			shellPath = /bin/sh;
			shellScript = "\"${SRCROOT}/Pods/Target Support Files/Pods-LLInterview/Pods-LLInterview-resources.sh\"\n";
			showEnvVarsInLog = 0;
		};
/* End PBXShellScriptBuildPhase section */

/* Begin PBXSourcesBuildPhase section */
		F088E4B31D07568E002EC2A6 /* Sources */ = {
			isa = PBXSourcesBuildPhase;
			buildActionMask = 2147483647;
			files = (
				F088E4F11D07A16E002EC2A6 /* LLObjects.m in Sources */,
				F088E4E81D07A038002EC2A6 /* LLAdvListViewController.m in Sources */,
				F088E4BF1D07568E002EC2A6 /* AppDelegate.m in Sources */,
				F088E4EE1D07A06D002EC2A6 /* LLBaseCell.m in Sources */,
				F088E4DB1D079F5E002EC2A6 /* LLBaseViewController.m in Sources */,
				F088E4E21D079FD8002EC2A6 /* LLDBManager.m in Sources */,
				F088E5031D07B502002EC2A6 /* LLAddAdvViewController.m in Sources */,
				F088E4DF1D079FBE002EC2A6 /* LLNetworkManager.m in Sources */,
				F088E4F41D07A191002EC2A6 /* LLNetworkObjects.m in Sources */,
				F088E4BC1D07568E002EC2A6 /* main.m in Sources */,
				F088E4FD1D07A9C6002EC2A6 /* LLAdvListCell.m in Sources */,
				F088E4EB1D07A051002EC2A6 /* LLBaseObject.m in Sources */,
				F088E5061D07B576002EC2A6 /* LLAddAdvCell.m in Sources */,
				F0DEC2711D07BFB900329295 /* LLActionSheetView.m in Sources */,
				F088E5001D07ABA8002EC2A6 /* LLAdvDetailViewController.m in Sources */,
				F088E4FA1D07A40B002EC2A6 /* LLAdvObject.m in Sources */,
			);
			runOnlyForDeploymentPostprocessing = 0;
		};
/* End PBXSourcesBuildPhase section */

/* Begin PBXVariantGroup section */
		F088E4C81D07568E002EC2A6 /* LaunchScreen.storyboard */ = {
			isa = PBXVariantGroup;
			children = (
				F088E4C91D07568E002EC2A6 /* Base */,
			);
			name = LaunchScreen.storyboard;
			sourceTree = "<group>";
		};
/* End PBXVariantGroup section */

/* Begin XCBuildConfiguration section */
		F088E4CC1D07568E002EC2A6 /* Debug */ = {
			isa = XCBuildConfiguration;
			buildSettings = {
				ALWAYS_SEARCH_USER_PATHS = NO;
				CLANG_CXX_LANGUAGE_STANDARD = "gnu++0x";
				CLANG_CXX_LIBRARY = "libc++";
				CLANG_ENABLE_MODULES = YES;
				CLANG_ENABLE_OBJC_ARC = YES;
				CLANG_WARN_BOOL_CONVERSION = YES;
				CLANG_WARN_CONSTANT_CONVERSION = YES;
				CLANG_WARN_DIRECT_OBJC_ISA_USAGE = YES_ERROR;
				CLANG_WARN_EMPTY_BODY = YES;
				CLANG_WARN_ENUM_CONVERSION = YES;
				CLANG_WARN_INT_CONVERSION = YES;
				CLANG_WARN_OBJC_ROOT_CLASS = YES_ERROR;
				CLANG_WARN_UNREACHABLE_CODE = YES;
				CLANG_WARN__DUPLICATE_METHOD_MATCH = YES;
				"CODE_SIGN_IDENTITY[sdk=iphoneos*]" = "iPhone Developer";
				COPY_PHASE_STRIP = NO;
				DEBUG_INFORMATION_FORMAT = dwarf;
				ENABLE_STRICT_OBJC_MSGSEND = YES;
				ENABLE_TESTABILITY = YES;
				GCC_C_LANGUAGE_STANDARD = gnu99;
				GCC_DYNAMIC_NO_PIC = NO;
				GCC_NO_COMMON_BLOCKS = YES;
				GCC_OPTIMIZATION_LEVEL = 0;
				GCC_PREPROCESSOR_DEFINITIONS = (
					"DEBUG=1",
					"$(inherited)",
				);
				GCC_WARN_64_TO_32_BIT_CONVERSION = YES;
				GCC_WARN_ABOUT_RETURN_TYPE = YES_ERROR;
				GCC_WARN_UNDECLARED_SELECTOR = YES;
				GCC_WARN_UNINITIALIZED_AUTOS = YES_AGGRESSIVE;
				GCC_WARN_UNUSED_FUNCTION = YES;
				GCC_WARN_UNUSED_VARIABLE = YES;
				IPHONEOS_DEPLOYMENT_TARGET = 9.2;
				MTL_ENABLE_DEBUG_INFO = YES;
				ONLY_ACTIVE_ARCH = YES;
				SDKROOT = iphoneos;
				TARGETED_DEVICE_FAMILY = "1,2";
			};
			name = Debug;
		};
		F088E4CD1D07568E002EC2A6 /* Release */ = {
			isa = XCBuildConfiguration;
			buildSettings = {
				ALWAYS_SEARCH_USER_PATHS = NO;
				CLANG_CXX_LANGUAGE_STANDARD = "gnu++0x";
				CLANG_CXX_LIBRARY = "libc++";
				CLANG_ENABLE_MODULES = YES;
				CLANG_ENABLE_OBJC_ARC = YES;
				CLANG_WARN_BOOL_CONVERSION = YES;
				CLANG_WARN_CONSTANT_CONVERSION = YES;
				CLANG_WARN_DIRECT_OBJC_ISA_USAGE = YES_ERROR;
				CLANG_WARN_EMPTY_BODY = YES;
				CLANG_WARN_ENUM_CONVERSION = YES;
				CLANG_WARN_INT_CONVERSION = YES;
				CLANG_WARN_OBJC_ROOT_CLASS = YES_ERROR;
				CLANG_WARN_UNREACHABLE_CODE = YES;
				CLANG_WARN__DUPLICATE_METHOD_MATCH = YES;
				"CODE_SIGN_IDENTITY[sdk=iphoneos*]" = "iPhone Developer";
				COPY_PHASE_STRIP = NO;
				DEBUG_INFORMATION_FORMAT = "dwarf-with-dsym";
				ENABLE_NS_ASSERTIONS = NO;
				ENABLE_STRICT_OBJC_MSGSEND = YES;
				GCC_C_LANGUAGE_STANDARD = gnu99;
				GCC_NO_COMMON_BLOCKS = YES;
				GCC_WARN_64_TO_32_BIT_CONVERSION = YES;
				GCC_WARN_ABOUT_RETURN_TYPE = YES_ERROR;
				GCC_WARN_UNDECLARED_SELECTOR = YES;
				GCC_WARN_UNINITIALIZED_AUTOS = YES_AGGRESSIVE;
				GCC_WARN_UNUSED_FUNCTION = YES;
				GCC_WARN_UNUSED_VARIABLE = YES;
				IPHONEOS_DEPLOYMENT_TARGET = 9.2;
				MTL_ENABLE_DEBUG_INFO = NO;
				SDKROOT = iphoneos;
				TARGETED_DEVICE_FAMILY = "1,2";
				VALIDATE_PRODUCT = YES;
			};
			name = Release;
		};
		F088E4CF1D07568E002EC2A6 /* Debug */ = {
			isa = XCBuildConfiguration;
			baseConfigurationReference = 63605E460BD945B204C9CCEB /* Pods-LLInterview.debug.xcconfig */;
			buildSettings = {
				ASSETCATALOG_COMPILER_APPICON_NAME = AppIcon;
				INFOPLIST_FILE = LLInterview/Info.plist;
				LD_RUNPATH_SEARCH_PATHS = "$(inherited) @executable_path/Frameworks";
				PRODUCT_BUNDLE_IDENTIFIER = jiahong.LLInterview;
				PRODUCT_NAME = "$(TARGET_NAME)";
			};
			name = Debug;
		};
		F088E4D01D07568E002EC2A6 /* Release */ = {
			isa = XCBuildConfiguration;
			baseConfigurationReference = A763E43C3DA134CDDA970FA5 /* Pods-LLInterview.release.xcconfig */;
			buildSettings = {
				ASSETCATALOG_COMPILER_APPICON_NAME = AppIcon;
				INFOPLIST_FILE = LLInterview/Info.plist;
				LD_RUNPATH_SEARCH_PATHS = "$(inherited) @executable_path/Frameworks";
				PRODUCT_BUNDLE_IDENTIFIER = jiahong.LLInterview;
				PRODUCT_NAME = "$(TARGET_NAME)";
			};
			name = Release;
		};
/* End XCBuildConfiguration section */

/* Begin XCConfigurationList section */
		F088E4B21D07568E002EC2A6 /* Build configuration list for PBXProject "LLInterview" */ = {
			isa = XCConfigurationList;
			buildConfigurations = (
				F088E4CC1D07568E002EC2A6 /* Debug */,
				F088E4CD1D07568E002EC2A6 /* Release */,
			);
			defaultConfigurationIsVisible = 0;
			defaultConfigurationName = Release;
		};
		F088E4CE1D07568E002EC2A6 /* Build configuration list for PBXNativeTarget "LLInterview" */ = {
			isa = XCConfigurationList;
			buildConfigurations = (
				F088E4CF1D07568E002EC2A6 /* Debug */,
				F088E4D01D07568E002EC2A6 /* Release */,
			);
			defaultConfigurationIsVisible = 0;
			defaultConfigurationName = Release;
		};
/* End XCConfigurationList section */
	};
	rootObject = F088E4AF1D07568E002EC2A6 /* Project object */;
}
